// !$*UTF8*$!
{
	archiveVersion = 1;
	classes = {
	};
	objectVersion = 46;
	objects = {

/* Begin PBXBuildFile section */
		113A40001A706AD700423DFC /* UIView+Hierarchy.m in Sources */ = {isa = PBXBuildFile; fileRef = 113A3FFF1A706AD700423DFC /* UIView+Hierarchy.m */; };
		113D8A531A70AD6C00A6484C /* PDCarousel.m in Sources */ = {isa = PBXBuildFile; fileRef = 113D8A521A70AD6C00A6484C /* PDCarousel.m */; };
		113D8A571A70B13100A6484C /* PDCarouselDateCell.m in Sources */ = {isa = PBXBuildFile; fileRef = 113D8A561A70B13100A6484C /* PDCarouselDateCell.m */; };
		113D8A591A70B13F00A6484C /* PDCarouselDateCell.xib in Resources */ = {isa = PBXBuildFile; fileRef = 113D8A581A70B13F00A6484C /* PDCarouselDateCell.xib */; };
		113D8A5C1A70B28D00A6484C /* UIView+NibLoading.m in Sources */ = {isa = PBXBuildFile; fileRef = 113D8A5B1A70B28D00A6484C /* UIView+NibLoading.m */; };
		113D8A611A70C6C300A6484C /* PDProgressHUD.m in Sources */ = {isa = PBXBuildFile; fileRef = 113D8A601A70C6C300A6484C /* PDProgressHUD.m */; };
		11476ACD1A71A5130057E271 /* Foundation.framework in Frameworks */ = {isa = PBXBuildFile; fileRef = 11476ACC1A71A5130057E271 /* Foundation.framework */; };
		11476ACF1A71A51D0057E271 /* MessageUI.framework in Frameworks */ = {isa = PBXBuildFile; fileRef = 11476ACE1A71A51D0057E271 /* MessageUI.framework */; };
		11476AD21A71A7220057E271 /* UIApplication+Extras.m in Sources */ = {isa = PBXBuildFile; fileRef = 11476AD11A71A7220057E271 /* UIApplication+Extras.m */; };
		11476AD41A71A7460057E271 /* CoreTelephony.framework in Frameworks */ = {isa = PBXBuildFile; fileRef = 11476AD31A71A7460057E271 /* CoreTelephony.framework */; };
		116DD1231A7063C100E7600A /* PDInfoViewController.m in Sources */ = {isa = PBXBuildFile; fileRef = 116DD1221A7063C100E7600A /* PDInfoViewController.m */; };
		116DD12A1A70685A00E7600A /* PDVolverButton.m in Sources */ = {isa = PBXBuildFile; fileRef = 116DD1291A70685A00E7600A /* PDVolverButton.m */; };
		11731FA81A702D1F00B89183 /* PDPasswordOfTheDaySI.m in Sources */ = {isa = PBXBuildFile; fileRef = 11731FA71A702D1F00B89183 /* PDPasswordOfTheDaySI.m */; };
		11731FB11A7048B300B89183 /* PDDatesViewController.m in Sources */ = {isa = PBXBuildFile; fileRef = 11731FB01A7048B300B89183 /* PDDatesViewController.m */; };
		11731FB41A7048C200B89183 /* PDConfigurationViewController.m in Sources */ = {isa = PBXBuildFile; fileRef = 11731FB31A7048C200B89183 /* PDConfigurationViewController.m */; };
		11731FB71A7048D000B89183 /* PDPasswordsViewController.m in Sources */ = {isa = PBXBuildFile; fileRef = 11731FB61A7048D000B89183 /* PDPasswordsViewController.m */; };
		1174BE131A6F5261009D7DBA /* main.m in Sources */ = {isa = PBXBuildFile; fileRef = 1174BE121A6F5261009D7DBA /* main.m */; };
		1174BE2D1A6F5262009D7DBA /* PassDayTests.m in Sources */ = {isa = PBXBuildFile; fileRef = 1174BE2C1A6F5262009D7DBA /* PassDayTests.m */; };
		1174BE3C1A6F565F009D7DBA /* AppDelegate.m in Sources */ = {isa = PBXBuildFile; fileRef = 1174BE3B1A6F565F009D7DBA /* AppDelegate.m */; };
		1174BE411A6F5677009D7DBA /* LaunchScreen.xib in Resources */ = {isa = PBXBuildFile; fileRef = 1174BE3D1A6F5677009D7DBA /* LaunchScreen.xib */; };
		1174BE421A6F5677009D7DBA /* Main.storyboard in Resources */ = {isa = PBXBuildFile; fileRef = 1174BE3F1A6F5677009D7DBA /* Main.storyboard */; };
		1174BE441A6F5699009D7DBA /* Images.xcassets in Resources */ = {isa = PBXBuildFile; fileRef = 1174BE431A6F5699009D7DBA /* Images.xcassets */; };
		DE136D7BDA514C1E4A55593D /* libPods.a in Frameworks */ = {isa = PBXBuildFile; fileRef = F4819A6119574283F86E74B3 /* libPods.a */; };
/* End PBXBuildFile section */

/* Begin PBXContainerItemProxy section */
		1174BE271A6F5261009D7DBA /* PBXContainerItemProxy */ = {
			isa = PBXContainerItemProxy;
			containerPortal = 1174BE051A6F5261009D7DBA /* Project object */;
			proxyType = 1;
			remoteGlobalIDString = 1174BE0C1A6F5261009D7DBA;
			remoteInfo = PassDay;
		};
/* End PBXContainerItemProxy section */

/* Begin PBXFileReference section */
		113A3FFE1A706AD700423DFC /* UIView+Hierarchy.h */ = {isa = PBXFileReference; fileEncoding = 4; lastKnownFileType = sourcecode.c.h; path = "UIView+Hierarchy.h"; sourceTree = "<group>"; };
		113A3FFF1A706AD700423DFC /* UIView+Hierarchy.m */ = {isa = PBXFileReference; fileEncoding = 4; lastKnownFileType = sourcecode.c.objc; path = "UIView+Hierarchy.m"; sourceTree = "<group>"; };
		113D8A511A70AD6C00A6484C /* PDCarousel.h */ = {isa = PBXFileReference; fileEncoding = 4; lastKnownFileType = sourcecode.c.h; path = PDCarousel.h; sourceTree = "<group>"; };
		113D8A521A70AD6C00A6484C /* PDCarousel.m */ = {isa = PBXFileReference; fileEncoding = 4; lastKnownFileType = sourcecode.c.objc; path = PDCarousel.m; sourceTree = "<group>"; };
		113D8A551A70B13100A6484C /* PDCarouselDateCell.h */ = {isa = PBXFileReference; fileEncoding = 4; lastKnownFileType = sourcecode.c.h; path = PDCarouselDateCell.h; sourceTree = "<group>"; };
		113D8A561A70B13100A6484C /* PDCarouselDateCell.m */ = {isa = PBXFileReference; fileEncoding = 4; lastKnownFileType = sourcecode.c.objc; path = PDCarouselDateCell.m; sourceTree = "<group>"; };
		113D8A581A70B13F00A6484C /* PDCarouselDateCell.xib */ = {isa = PBXFileReference; fileEncoding = 4; lastKnownFileType = file.xib; path = PDCarouselDateCell.xib; sourceTree = "<group>"; };
		113D8A5A1A70B28D00A6484C /* UIView+NibLoading.h */ = {isa = PBXFileReference; fileEncoding = 4; lastKnownFileType = sourcecode.c.h; path = "UIView+NibLoading.h"; sourceTree = "<group>"; };
		113D8A5B1A70B28D00A6484C /* UIView+NibLoading.m */ = {isa = PBXFileReference; fileEncoding = 4; lastKnownFileType = sourcecode.c.objc; path = "UIView+NibLoading.m"; sourceTree = "<group>"; };
		113D8A5F1A70C6C300A6484C /* PDProgressHUD.h */ = {isa = PBXFileReference; fileEncoding = 4; lastKnownFileType = sourcecode.c.h; path = PDProgressHUD.h; sourceTree = "<group>"; };
		113D8A601A70C6C300A6484C /* PDProgressHUD.m */ = {isa = PBXFileReference; fileEncoding = 4; lastKnownFileType = sourcecode.c.objc; path = PDProgressHUD.m; sourceTree = "<group>"; };
		11476ACC1A71A5130057E271 /* Foundation.framework */ = {isa = PBXFileReference; lastKnownFileType = wrapper.framework; name = Foundation.framework; path = System/Library/Frameworks/Foundation.framework; sourceTree = SDKROOT; };
		11476ACE1A71A51D0057E271 /* MessageUI.framework */ = {isa = PBXFileReference; lastKnownFileType = wrapper.framework; name = MessageUI.framework; path = System/Library/Frameworks/MessageUI.framework; sourceTree = SDKROOT; };
		11476AD01A71A7220057E271 /* UIApplication+Extras.h */ = {isa = PBXFileReference; fileEncoding = 4; lastKnownFileType = sourcecode.c.h; path = "UIApplication+Extras.h"; sourceTree = "<group>"; };
		11476AD11A71A7220057E271 /* UIApplication+Extras.m */ = {isa = PBXFileReference; fileEncoding = 4; lastKnownFileType = sourcecode.c.objc; path = "UIApplication+Extras.m"; sourceTree = "<group>"; };
		11476AD31A71A7460057E271 /* CoreTelephony.framework */ = {isa = PBXFileReference; lastKnownFileType = wrapper.framework; name = CoreTelephony.framework; path = System/Library/Frameworks/CoreTelephony.framework; sourceTree = SDKROOT; };
		116DD1211A7063C100E7600A /* PDInfoViewController.h */ = {isa = PBXFileReference; fileEncoding = 4; lastKnownFileType = sourcecode.c.h; path = PDInfoViewController.h; sourceTree = "<group>"; };
		116DD1221A7063C100E7600A /* PDInfoViewController.m */ = {isa = PBXFileReference; fileEncoding = 4; lastKnownFileType = sourcecode.c.objc; path = PDInfoViewController.m; sourceTree = "<group>"; };
		116DD1281A70685A00E7600A /* PDVolverButton.h */ = {isa = PBXFileReference; fileEncoding = 4; lastKnownFileType = sourcecode.c.h; path = PDVolverButton.h; sourceTree = "<group>"; };
		116DD1291A70685A00E7600A /* PDVolverButton.m */ = {isa = PBXFileReference; fileEncoding = 4; lastKnownFileType = sourcecode.c.objc; path = PDVolverButton.m; sourceTree = "<group>"; };
		11731FA61A702D1F00B89183 /* PDPasswordOfTheDaySI.h */ = {isa = PBXFileReference; fileEncoding = 4; lastKnownFileType = sourcecode.c.h; path = PDPasswordOfTheDaySI.h; sourceTree = "<group>"; };
		11731FA71A702D1F00B89183 /* PDPasswordOfTheDaySI.m */ = {isa = PBXFileReference; fileEncoding = 4; lastKnownFileType = sourcecode.c.objc; path = PDPasswordOfTheDaySI.m; sourceTree = "<group>"; };
		11731FAF1A7048B300B89183 /* PDDatesViewController.h */ = {isa = PBXFileReference; fileEncoding = 4; lastKnownFileType = sourcecode.c.h; path = PDDatesViewController.h; sourceTree = "<group>"; };
		11731FB01A7048B300B89183 /* PDDatesViewController.m */ = {isa = PBXFileReference; fileEncoding = 4; lastKnownFileType = sourcecode.c.objc; path = PDDatesViewController.m; sourceTree = "<group>"; };
		11731FB21A7048C200B89183 /* PDConfigurationViewController.h */ = {isa = PBXFileReference; fileEncoding = 4; lastKnownFileType = sourcecode.c.h; path = PDConfigurationViewController.h; sourceTree = "<group>"; };
		11731FB31A7048C200B89183 /* PDConfigurationViewController.m */ = {isa = PBXFileReference; fileEncoding = 4; lastKnownFileType = sourcecode.c.objc; path = PDConfigurationViewController.m; sourceTree = "<group>"; };
		11731FB51A7048D000B89183 /* PDPasswordsViewController.h */ = {isa = PBXFileReference; fileEncoding = 4; lastKnownFileType = sourcecode.c.h; path = PDPasswordsViewController.h; sourceTree = "<group>"; };
		11731FB61A7048D000B89183 /* PDPasswordsViewController.m */ = {isa = PBXFileReference; fileEncoding = 4; lastKnownFileType = sourcecode.c.objc; path = PDPasswordsViewController.m; sourceTree = "<group>"; };
		1174BE0D1A6F5261009D7DBA /* PassDay.app */ = {isa = PBXFileReference; explicitFileType = wrapper.application; includeInIndex = 0; path = PassDay.app; sourceTree = BUILT_PRODUCTS_DIR; };
		1174BE111A6F5261009D7DBA /* Info.plist */ = {isa = PBXFileReference; lastKnownFileType = text.plist.xml; path = Info.plist; sourceTree = "<group>"; };
		1174BE121A6F5261009D7DBA /* main.m */ = {isa = PBXFileReference; lastKnownFileType = sourcecode.c.objc; path = main.m; sourceTree = "<group>"; };
		1174BE261A6F5261009D7DBA /* PassDayTests.xctest */ = {isa = PBXFileReference; explicitFileType = wrapper.cfbundle; includeInIndex = 0; path = PassDayTests.xctest; sourceTree = BUILT_PRODUCTS_DIR; };
		1174BE2B1A6F5262009D7DBA /* Info.plist */ = {isa = PBXFileReference; lastKnownFileType = text.plist.xml; path = Info.plist; sourceTree = "<group>"; };
		1174BE2C1A6F5262009D7DBA /* PassDayTests.m */ = {isa = PBXFileReference; lastKnownFileType = sourcecode.c.objc; path = PassDayTests.m; sourceTree = "<group>"; };
		1174BE3A1A6F5657009D7DBA /* AppDelegate.h */ = {isa = PBXFileReference; lastKnownFileType = sourcecode.c.h; path = AppDelegate.h; sourceTree = "<group>"; };
		1174BE3B1A6F565F009D7DBA /* AppDelegate.m */ = {isa = PBXFileReference; fileEncoding = 4; lastKnownFileType = sourcecode.c.objc; path = AppDelegate.m; sourceTree = "<group>"; };
		1174BE3E1A6F5677009D7DBA /* Base */ = {isa = PBXFileReference; lastKnownFileType = file.xib; name = Base; path = Base.lproj/LaunchScreen.xib; sourceTree = "<group>"; };
		1174BE401A6F5677009D7DBA /* Base */ = {isa = PBXFileReference; lastKnownFileType = file.storyboard; name = Base; path = Base.lproj/Main.storyboard; sourceTree = "<group>"; };
		1174BE431A6F5699009D7DBA /* Images.xcassets */ = {isa = PBXFileReference; lastKnownFileType = folder.assetcatalog; path = Images.xcassets; sourceTree = "<group>"; };
		11A7C19A1A6F62BB00B60BEB /* README.md */ = {isa = PBXFileReference; fileEncoding = 4; lastKnownFileType = net.daringfireball.markdown; path = README.md; sourceTree = "<group>"; };
		11A7C1A01A6F649400B60BEB /* PrefixHeader.pch */ = {isa = PBXFileReference; lastKnownFileType = sourcecode.c.h; path = PrefixHeader.pch; sourceTree = "<group>"; };
		19547B0DE74A26E3435D94E2 /* Pods.debug.xcconfig */ = {isa = PBXFileReference; includeInIndex = 1; lastKnownFileType = text.xcconfig; name = Pods.debug.xcconfig; path = "Pods/Target Support Files/Pods/Pods.debug.xcconfig"; sourceTree = "<group>"; };
		474B9726D7E1EA6265A42D5E /* Pods.release.xcconfig */ = {isa = PBXFileReference; includeInIndex = 1; lastKnownFileType = text.xcconfig; name = Pods.release.xcconfig; path = "Pods/Target Support Files/Pods/Pods.release.xcconfig"; sourceTree = "<group>"; };
		F4819A6119574283F86E74B3 /* libPods.a */ = {isa = PBXFileReference; explicitFileType = archive.ar; includeInIndex = 0; path = libPods.a; sourceTree = BUILT_PRODUCTS_DIR; };
/* End PBXFileReference section */

/* Begin PBXFrameworksBuildPhase section */
		1174BE0A1A6F5261009D7DBA /* Frameworks */ = {
			isa = PBXFrameworksBuildPhase;
			buildActionMask = 2147483647;
			files = (
				11476AD41A71A7460057E271 /* CoreTelephony.framework in Frameworks */,
				11476ACF1A71A51D0057E271 /* MessageUI.framework in Frameworks */,
				11476ACD1A71A5130057E271 /* Foundation.framework in Frameworks */,
				DE136D7BDA514C1E4A55593D /* libPods.a in Frameworks */,
			);
			runOnlyForDeploymentPostprocessing = 0;
		};
		1174BE231A6F5261009D7DBA /* Frameworks */ = {
			isa = PBXFrameworksBuildPhase;
			buildActionMask = 2147483647;
			files = (
			);
			runOnlyForDeploymentPostprocessing = 0;
		};
/* End PBXFrameworksBuildPhase section */

/* Begin PBXGroup section */
		113A3FFD1A706AAF00423DFC /* Categories */ = {
			isa = PBXGroup;
			children = (
				11476AD01A71A7220057E271 /* UIApplication+Extras.h */,
				11476AD11A71A7220057E271 /* UIApplication+Extras.m */,
				113D8A5A1A70B28D00A6484C /* UIView+NibLoading.h */,
				113D8A5B1A70B28D00A6484C /* UIView+NibLoading.m */,
				113A3FFE1A706AD700423DFC /* UIView+Hierarchy.h */,
				113A3FFF1A706AD700423DFC /* UIView+Hierarchy.m */,
			);
			name = Categories;
			sourceTree = "<group>";
		};
		113D8A541A70B10900A6484C /* Extras */ = {
			isa = PBXGroup;
			children = (
				113D8A551A70B13100A6484C /* PDCarouselDateCell.h */,
				113D8A561A70B13100A6484C /* PDCarouselDateCell.m */,
				113D8A581A70B13F00A6484C /* PDCarouselDateCell.xib */,
			);
			path = Extras;
			sourceTree = "<group>";
		};
		116DD1201A7063A800E7600A /* Info */ = {
			isa = PBXGroup;
			children = (
				116DD1211A7063C100E7600A /* PDInfoViewController.h */,
				116DD1221A7063C100E7600A /* PDInfoViewController.m */,
			);
			path = Info;
			sourceTree = "<group>";
		};
		116DD1241A70676500E7600A /* Extras */ = {
			isa = PBXGroup;
			children = (
				113A3FFD1A706AAF00423DFC /* Categories */,
				116DD1281A70685A00E7600A /* PDVolverButton.h */,
				116DD1291A70685A00E7600A /* PDVolverButton.m */,
				113D8A511A70AD6C00A6484C /* PDCarousel.h */,
				113D8A521A70AD6C00A6484C /* PDCarousel.m */,
				113D8A5F1A70C6C300A6484C /* PDProgressHUD.h */,
				113D8A601A70C6C300A6484C /* PDProgressHUD.m */,
			);
			path = Extras;
			sourceTree = "<group>";
		};
		11731FAC1A7047C000B89183 /* Dates */ = {
			isa = PBXGroup;
			children = (
				11731FAF1A7048B300B89183 /* PDDatesViewController.h */,
				11731FB01A7048B300B89183 /* PDDatesViewController.m */,
			);
			path = Dates;
			sourceTree = "<group>";
		};
		11731FAD1A7047DA00B89183 /* Configuration */ = {
			isa = PBXGroup;
			children = (
				11731FB21A7048C200B89183 /* PDConfigurationViewController.h */,
				11731FB31A7048C200B89183 /* PDConfigurationViewController.m */,
			);
			path = Configuration;
			sourceTree = "<group>";
		};
		11731FAE1A7047F400B89183 /* Passwords */ = {
			isa = PBXGroup;
			children = (
				113D8A541A70B10900A6484C /* Extras */,
				11731FB51A7048D000B89183 /* PDPasswordsViewController.h */,
				11731FB61A7048D000B89183 /* PDPasswordsViewController.m */,
			);
			path = Passwords;
			sourceTree = "<group>";
		};
		1174BE041A6F5261009D7DBA = {
			isa = PBXGroup;
			children = (
				11A7C19A1A6F62BB00B60BEB /* README.md */,
				1174BE0F1A6F5261009D7DBA /* PassDay */,
				1174BE291A6F5261009D7DBA /* PassDayTests */,
				1174BE0E1A6F5261009D7DBA /* Products */,
				8B80B3BA17EEB84F8F9521FA /* Pods */,
				77DBF4F00CACE426EAB95EB6 /* Frameworks */,
			);
			sourceTree = "<group>";
		};
		1174BE0E1A6F5261009D7DBA /* Products */ = {
			isa = PBXGroup;
			children = (
				1174BE0D1A6F5261009D7DBA /* PassDay.app */,
				1174BE261A6F5261009D7DBA /* PassDayTests.xctest */,
			);
			name = Products;
			sourceTree = "<group>";
		};
		1174BE0F1A6F5261009D7DBA /* PassDay */ = {
			isa = PBXGroup;
			children = (
				1174BE371A6F54BD009D7DBA /* Resources */,
				1174BE391A6F54CC009D7DBA /* Algorithm */,
				116DD1241A70676500E7600A /* Extras */,
				1174BE381A6F54C6009D7DBA /* Views */,
				1174BE101A6F5261009D7DBA /* Supporting Files */,
			);
			path = PassDay;
			sourceTree = "<group>";
		};
		1174BE101A6F5261009D7DBA /* Supporting Files */ = {
			isa = PBXGroup;
			children = (
				1174BE3A1A6F5657009D7DBA /* AppDelegate.h */,
				1174BE3B1A6F565F009D7DBA /* AppDelegate.m */,
				1174BE111A6F5261009D7DBA /* Info.plist */,
				1174BE121A6F5261009D7DBA /* main.m */,
				11A7C1A01A6F649400B60BEB /* PrefixHeader.pch */,
			);
			name = "Supporting Files";
			path = SupportingFiles;
			sourceTree = "<group>";
		};
		1174BE291A6F5261009D7DBA /* PassDayTests */ = {
			isa = PBXGroup;
			children = (
				1174BE2C1A6F5262009D7DBA /* PassDayTests.m */,
				1174BE2A1A6F5261009D7DBA /* Supporting Files */,
			);
			path = PassDayTests;
			sourceTree = "<group>";
		};
		1174BE2A1A6F5261009D7DBA /* Supporting Files */ = {
			isa = PBXGroup;
			children = (
				1174BE2B1A6F5262009D7DBA /* Info.plist */,
			);
			name = "Supporting Files";
			sourceTree = "<group>";
		};
		1174BE371A6F54BD009D7DBA /* Resources */ = {
			isa = PBXGroup;
			children = (
				1174BE431A6F5699009D7DBA /* Images.xcassets */,
			);
			path = Resources;
			sourceTree = "<group>";
		};
		1174BE381A6F54C6009D7DBA /* Views */ = {
			isa = PBXGroup;
			children = (
				11731FAC1A7047C000B89183 /* Dates */,
				11731FAD1A7047DA00B89183 /* Configuration */,
				11731FAE1A7047F400B89183 /* Passwords */,
				116DD1201A7063A800E7600A /* Info */,
				1174BE3F1A6F5677009D7DBA /* Main.storyboard */,
				1174BE3D1A6F5677009D7DBA /* LaunchScreen.xib */,
			);
			path = Views;
			sourceTree = "<group>";
		};
		1174BE391A6F54CC009D7DBA /* Algorithm */ = {
			isa = PBXGroup;
			children = (
				11731FA61A702D1F00B89183 /* PDPasswordOfTheDaySI.h */,
				11731FA71A702D1F00B89183 /* PDPasswordOfTheDaySI.m */,
			);
			path = Algorithm;
			sourceTree = "<group>";
		};
		77DBF4F00CACE426EAB95EB6 /* Frameworks */ = {
			isa = PBXGroup;
			children = (
				11476AD31A71A7460057E271 /* CoreTelephony.framework */,
				11476ACE1A71A51D0057E271 /* MessageUI.framework */,
				11476ACC1A71A5130057E271 /* Foundation.framework */,
				F4819A6119574283F86E74B3 /* libPods.a */,
			);
			name = Frameworks;
			sourceTree = "<group>";
		};
		8B80B3BA17EEB84F8F9521FA /* Pods */ = {
			isa = PBXGroup;
			children = (
				19547B0DE74A26E3435D94E2 /* Pods.debug.xcconfig */,
				474B9726D7E1EA6265A42D5E /* Pods.release.xcconfig */,
			);
			name = Pods;
			sourceTree = "<group>";
		};
/* End PBXGroup section */

/* Begin PBXNativeTarget section */
		1174BE0C1A6F5261009D7DBA /* PassDay */ = {
			isa = PBXNativeTarget;
			buildConfigurationList = 1174BE301A6F5262009D7DBA /* Build configuration list for PBXNativeTarget "PassDay" */;
			buildPhases = (
				8DD3DF1C9CE1804EEECE64C5 /* Check Pods Manifest.lock */,
				1174BE091A6F5261009D7DBA /* Sources */,
				1174BE0A1A6F5261009D7DBA /* Frameworks */,
				1174BE0B1A6F5261009D7DBA /* Resources */,
				1174BE361A6F52B0009D7DBA /* ShellScript */,
				78831E5775D5485465726912 /* Copy Pods Resources */,
			);
			buildRules = (
			);
			dependencies = (
			);
			name = PassDay;
			productName = PassDay;
			productReference = 1174BE0D1A6F5261009D7DBA /* PassDay.app */;
			productType = "com.apple.product-type.application";
		};
		1174BE251A6F5261009D7DBA /* PassDayTests */ = {
			isa = PBXNativeTarget;
			buildConfigurationList = 1174BE331A6F5262009D7DBA /* Build configuration list for PBXNativeTarget "PassDayTests" */;
			buildPhases = (
				1174BE221A6F5261009D7DBA /* Sources */,
				1174BE231A6F5261009D7DBA /* Frameworks */,
				1174BE241A6F5261009D7DBA /* Resources */,
			);
			buildRules = (
			);
			dependencies = (
				1174BE281A6F5261009D7DBA /* PBXTargetDependency */,
			);
			name = PassDayTests;
			productName = PassDayTests;
			productReference = 1174BE261A6F5261009D7DBA /* PassDayTests.xctest */;
			productType = "com.apple.product-type.bundle.unit-test";
		};
/* End PBXNativeTarget section */

/* Begin PBXProject section */
		1174BE051A6F5261009D7DBA /* Project object */ = {
			isa = PBXProject;
			attributes = {
				CLASSPREFIX = PD;
				LastUpgradeCheck = 0610;
				ORGANIZATIONNAME = "Property Atomic Strong SAC";
				TargetAttributes = {
					1174BE0C1A6F5261009D7DBA = {
						CreatedOnToolsVersion = 6.1.1;
						DevelopmentTeam = AU3J78BE58;
					};
					1174BE251A6F5261009D7DBA = {
						CreatedOnToolsVersion = 6.1.1;
						TestTargetID = 1174BE0C1A6F5261009D7DBA;
					};
				};
			};
			buildConfigurationList = 1174BE081A6F5261009D7DBA /* Build configuration list for PBXProject "PassDay" */;
			compatibilityVersion = "Xcode 3.2";
			developmentRegion = English;
			hasScannedForEncodings = 0;
			knownRegions = (
				en,
				Base,
			);
			mainGroup = 1174BE041A6F5261009D7DBA;
			productRefGroup = 1174BE0E1A6F5261009D7DBA /* Products */;
			projectDirPath = "";
			projectRoot = "";
			targets = (
				1174BE0C1A6F5261009D7DBA /* PassDay */,
				1174BE251A6F5261009D7DBA /* PassDayTests */,
			);
		};
/* End PBXProject section */

/* Begin PBXResourcesBuildPhase section */
		1174BE0B1A6F5261009D7DBA /* Resources */ = {
			isa = PBXResourcesBuildPhase;
			buildActionMask = 2147483647;
			files = (
				1174BE441A6F5699009D7DBA /* Images.xcassets in Resources */,
				1174BE411A6F5677009D7DBA /* LaunchScreen.xib in Resources */,
				1174BE421A6F5677009D7DBA /* Main.storyboard in Resources */,
				113D8A591A70B13F00A6484C /* PDCarouselDateCell.xib in Resources */,
			);
			runOnlyForDeploymentPostprocessing = 0;
		};
		1174BE241A6F5261009D7DBA /* Resources */ = {
			isa = PBXResourcesBuildPhase;
			buildActionMask = 2147483647;
			files = (
			);
			runOnlyForDeploymentPostprocessing = 0;
		};
/* End PBXResourcesBuildPhase section */

/* Begin PBXShellScriptBuildPhase section */
		1174BE361A6F52B0009D7DBA /* ShellScript */ = {
			isa = PBXShellScriptBuildPhase;
			buildActionMask = 2147483647;
			files = (
			);
			inputPaths = (
			);
			outputPaths = (
			);
			runOnlyForDeploymentPostprocessing = 0;
			shellPath = /bin/sh;
			shellScript = "# Auto Increment Version Number Script\nbuildPlist=$INFOPLIST_FILE\n#echo $buildPlist\nCFSVString=$(/usr/libexec/PlistBuddy -c \"Print CFBundleShortVersionString\" \"$buildPlist\")\nCFBundleVersion=$(/usr/libexec/PlistBuddy -c \"Print CFBundleVersion\" \"$buildPlist\")\nBUILD_NR=${CFBundleVersion##*.}\n    BUILD_NR=$(($BUILD_NR + 1))\n    #echo $BUILD_NR\n    CFBundleVersion=$CFSVString\".0.\"$BUILD_NR\n    #echo $CFBundleVersion\n    /usr/libexec/PlistBuddy -c \"Set :CFBundleVersion $CFBundleVersion\" \"$buildPlist\"\n#echo \"Finish\"";
		};
		78831E5775D5485465726912 /* Copy Pods Resources */ = {
			isa = PBXShellScriptBuildPhase;
			buildActionMask = 2147483647;
			files = (
			);
			inputPaths = (
			);
			name = "Copy Pods Resources";
			outputPaths = (
			);
			runOnlyForDeploymentPostprocessing = 0;
			shellPath = /bin/sh;
			shellScript = "\"${SRCROOT}/Pods/Target Support Files/Pods/Pods-resources.sh\"\n";
			showEnvVarsInLog = 0;
		};
		8DD3DF1C9CE1804EEECE64C5 /* Check Pods Manifest.lock */ = {
			isa = PBXShellScriptBuildPhase;
			buildActionMask = 2147483647;
			files = (
			);
			inputPaths = (
			);
			name = "Check Pods Manifest.lock";
			outputPaths = (
			);
			runOnlyForDeploymentPostprocessing = 0;
			shellPath = /bin/sh;
			shellScript = "diff \"${PODS_ROOT}/../Podfile.lock\" \"${PODS_ROOT}/Manifest.lock\" > /dev/null\nif [[ $? != 0 ]] ; then\n    cat << EOM\nerror: The sandbox is not in sync with the Podfile.lock. Run 'pod install' or update your CocoaPods installation.\nEOM\n    exit 1\nfi\n";
			showEnvVarsInLog = 0;
		};
/* End PBXShellScriptBuildPhase section */

/* Begin PBXSourcesBuildPhase section */
		1174BE091A6F5261009D7DBA /* Sources */ = {
			isa = PBXSourcesBuildPhase;
			buildActionMask = 2147483647;
			files = (
				11731FB11A7048B300B89183 /* PDDatesViewController.m in Sources */,
				113A40001A706AD700423DFC /* UIView+Hierarchy.m in Sources */,
				116DD1231A7063C100E7600A /* PDInfoViewController.m in Sources */,
				116DD12A1A70685A00E7600A /* PDVolverButton.m in Sources */,
				11731FB71A7048D000B89183 /* PDPasswordsViewController.m in Sources */,
				11476AD21A71A7220057E271 /* UIApplication+Extras.m in Sources */,
				113D8A611A70C6C300A6484C /* PDProgressHUD.m in Sources */,
				113D8A5C1A70B28D00A6484C /* UIView+NibLoading.m in Sources */,
				1174BE3C1A6F565F009D7DBA /* AppDelegate.m in Sources */,
				1174BE131A6F5261009D7DBA /* main.m in Sources */,
				113D8A571A70B13100A6484C /* PDCarouselDateCell.m in Sources */,
				11731FB41A7048C200B89183 /* PDConfigurationViewController.m in Sources */,
				11731FA81A702D1F00B89183 /* PDPasswordOfTheDaySI.m in Sources */,
				113D8A531A70AD6C00A6484C /* PDCarousel.m in Sources */,
			);
			runOnlyForDeploymentPostprocessing = 0;
		};
		1174BE221A6F5261009D7DBA /* Sources */ = {
			isa = PBXSourcesBuildPhase;
			buildActionMask = 2147483647;
			files = (
				1174BE2D1A6F5262009D7DBA /* PassDayTests.m in Sources */,
			);
			runOnlyForDeploymentPostprocessing = 0;
		};
/* End PBXSourcesBuildPhase section */

/* Begin PBXTargetDependency section */
		1174BE281A6F5261009D7DBA /* PBXTargetDependency */ = {
			isa = PBXTargetDependency;
			target = 1174BE0C1A6F5261009D7DBA /* PassDay */;
			targetProxy = 1174BE271A6F5261009D7DBA /* PBXContainerItemProxy */;
		};
/* End PBXTargetDependency section */

/* Begin PBXVariantGroup section */
		1174BE3D1A6F5677009D7DBA /* LaunchScreen.xib */ = {
			isa = PBXVariantGroup;
			children = (
				1174BE3E1A6F5677009D7DBA /* Base */,
			);
			name = LaunchScreen.xib;
			sourceTree = "<group>";
		};
		1174BE3F1A6F5677009D7DBA /* Main.storyboard */ = {
			isa = PBXVariantGroup;
			children = (
				1174BE401A6F5677009D7DBA /* Base */,
			);
			name = Main.storyboard;
			sourceTree = "<group>";
		};
/* End PBXVariantGroup section */

/* Begin XCBuildConfiguration section */
		1174BE2E1A6F5262009D7DBA /* Debug */ = {
			isa = XCBuildConfiguration;
			buildSettings = {
				ALWAYS_SEARCH_USER_PATHS = NO;
				CLANG_CXX_LANGUAGE_STANDARD = "gnu++0x";
				CLANG_CXX_LIBRARY = "libc++";
				CLANG_ENABLE_MODULES = YES;
				CLANG_ENABLE_OBJC_ARC = YES;
				CLANG_WARN_BOOL_CONVERSION = YES;
				CLANG_WARN_CONSTANT_CONVERSION = YES;
				CLANG_WARN_DIRECT_OBJC_ISA_USAGE = YES_ERROR;
				CLANG_WARN_EMPTY_BODY = YES;
				CLANG_WARN_ENUM_CONVERSION = YES;
				CLANG_WARN_INT_CONVERSION = YES;
				CLANG_WARN_OBJC_ROOT_CLASS = YES_ERROR;
				CLANG_WARN_UNREACHABLE_CODE = YES;
				CLANG_WARN__DUPLICATE_METHOD_MATCH = YES;
				CODE_SIGN_IDENTITY = "iPhone Developer";
				"CODE_SIGN_IDENTITY[sdk=iphoneos*]" = "iPhone Developer";
				COPY_PHASE_STRIP = NO;
				ENABLE_STRICT_OBJC_MSGSEND = YES;
				GCC_C_LANGUAGE_STANDARD = gnu99;
				GCC_DYNAMIC_NO_PIC = NO;
				GCC_OPTIMIZATION_LEVEL = 0;
				GCC_PREPROCESSOR_DEFINITIONS = (
					"DEBUG=1",
					"$(inherited)",
				);
				GCC_SYMBOLS_PRIVATE_EXTERN = NO;
				GCC_WARN_64_TO_32_BIT_CONVERSION = YES;
				GCC_WARN_ABOUT_RETURN_TYPE = YES_ERROR;
				GCC_WARN_UNDECLARED_SELECTOR = YES;
				GCC_WARN_UNINITIALIZED_AUTOS = YES_AGGRESSIVE;
				GCC_WARN_UNUSED_FUNCTION = YES;
				GCC_WARN_UNUSED_VARIABLE = YES;
				IPHONEOS_DEPLOYMENT_TARGET = 7.1;
				MTL_ENABLE_DEBUG_INFO = YES;
				ONLY_ACTIVE_ARCH = YES;
				SDKROOT = iphoneos;
				TARGETED_DEVICE_FAMILY = "1,2";
			};
			name = Debug;
		};
		1174BE2F1A6F5262009D7DBA /* Release */ = {
			isa = XCBuildConfiguration;
			buildSettings = {
				ALWAYS_SEARCH_USER_PATHS = NO;
				CLANG_CXX_LANGUAGE_STANDARD = "gnu++0x";
				CLANG_CXX_LIBRARY = "libc++";
				CLANG_ENABLE_MODULES = YES;
				CLANG_ENABLE_OBJC_ARC = YES;
				CLANG_WARN_BOOL_CONVERSION = YES;
				CLANG_WARN_CONSTANT_CONVERSION = YES;
				CLANG_WARN_DIRECT_OBJC_ISA_USAGE = YES_ERROR;
				CLANG_WARN_EMPTY_BODY = YES;
				CLANG_WARN_ENUM_CONVERSION = YES;
				CLANG_WARN_INT_CONVERSION = YES;
				CLANG_WARN_OBJC_ROOT_CLASS = YES_ERROR;
				CLANG_WARN_UNREACHABLE_CODE = YES;
				CLANG_WARN__DUPLICATE_METHOD_MATCH = YES;
				CODE_SIGN_IDENTITY = "iPhone Developer";
				"CODE_SIGN_IDENTITY[sdk=iphoneos*]" = "iPhone Developer";
				COPY_PHASE_STRIP = YES;
				ENABLE_NS_ASSERTIONS = NO;
				ENABLE_STRICT_OBJC_MSGSEND = YES;
				GCC_C_LANGUAGE_STANDARD = gnu99;
				GCC_WARN_64_TO_32_BIT_CONVERSION = YES;
				GCC_WARN_ABOUT_RETURN_TYPE = YES_ERROR;
				GCC_WARN_UNDECLARED_SELECTOR = YES;
				GCC_WARN_UNINITIALIZED_AUTOS = YES_AGGRESSIVE;
				GCC_WARN_UNUSED_FUNCTION = YES;
				GCC_WARN_UNUSED_VARIABLE = YES;
				IPHONEOS_DEPLOYMENT_TARGET = 7.1;
				MTL_ENABLE_DEBUG_INFO = NO;
				SDKROOT = iphoneos;
				TARGETED_DEVICE_FAMILY = "1,2";
				VALIDATE_PRODUCT = YES;
			};
			name = Release;
		};
		1174BE311A6F5262009D7DBA /* Debug */ = {
			isa = XCBuildConfiguration;
			baseConfigurationReference = 19547B0DE74A26E3435D94E2 /* Pods.debug.xcconfig */;
			buildSettings = {
				ASSETCATALOG_COMPILER_APPICON_NAME = AppIcon;
				ASSETCATALOG_COMPILER_LAUNCHIMAGE_NAME = LaunchImage;
				CODE_SIGN_IDENTITY = "iPhone Developer";
				GCC_PREFIX_HEADER = PassDay/SupportingFiles/PrefixHeader.pch;
				INFOPLIST_FILE = "$(SRCROOT)/PassDay/SupportingFiles/Info.plist";
				LD_RUNPATH_SEARCH_PATHS = "$(inherited) @executable_path/Frameworks";
				PRODUCT_NAME = "$(TARGET_NAME)";
				TARGETED_DEVICE_FAMILY = "1,2";
			};
			name = Debug;
		};
		1174BE321A6F5262009D7DBA /* Release */ = {
			isa = XCBuildConfiguration;
			baseConfigurationReference = 474B9726D7E1EA6265A42D5E /* Pods.release.xcconfig */;
			buildSettings = {
				ASSETCATALOG_COMPILER_APPICON_NAME = AppIcon;
				ASSETCATALOG_COMPILER_LAUNCHIMAGE_NAME = LaunchImage;
				CODE_SIGN_IDENTITY = "iPhone Developer";
				GCC_PREFIX_HEADER = PassDay/SupportingFiles/PrefixHeader.pch;
				INFOPLIST_FILE = "$(SRCROOT)/PassDay/SupportingFiles/Info.plist";
				LD_RUNPATH_SEARCH_PATHS = "$(inherited) @executable_path/Frameworks";
				PRODUCT_NAME = "$(TARGET_NAME)";
				TARGETED_DEVICE_FAMILY = "1,2";
			};
			name = Release;
		};
		1174BE341A6F5262009D7DBA /* Debug */ = {
			isa = XCBuildConfiguration;
			buildSettings = {
				BUNDLE_LOADER = "$(TEST_HOST)";
				FRAMEWORK_SEARCH_PATHS = (
					"$(SDKROOT)/Developer/Library/Frameworks",
					"$(inherited)",
				);
				GCC_PREPROCESSOR_DEFINITIONS = (
					"DEBUG=1",
					"$(inherited)",
				);
				INFOPLIST_FILE = PassDayTests/Info.plist;
				LD_RUNPATH_SEARCH_PATHS = "$(inherited) @executable_path/Frameworks @loader_path/Frameworks";
				PRODUCT_NAME = "$(TARGET_NAME)";
				TEST_HOST = "$(BUILT_PRODUCTS_DIR)/PassDay.app/PassDay";
			};
			name = Debug;
		};
		1174BE351A6F5262009D7DBA /* Release */ = {
			isa = XCBuildConfiguration;
			buildSettings = {
				BUNDLE_LOADER = "$(TEST_HOST)";
				FRAMEWORK_SEARCH_PATHS = (
					"$(SDKROOT)/Developer/Library/Frameworks",
					"$(inherited)",
				);
				INFOPLIST_FILE = PassDayTests/Info.plist;
				LD_RUNPATH_SEARCH_PATHS = "$(inherited) @executable_path/Frameworks @loader_path/Frameworks";
				PRODUCT_NAME = "$(TARGET_NAME)";
				TEST_HOST = "$(BUILT_PRODUCTS_DIR)/PassDay.app/PassDay";
			};
			name = Release;
		};
/* End XCBuildConfiguration section */

/* Begin XCConfigurationList section */
		1174BE081A6F5261009D7DBA /* Build configuration list for PBXProject "PassDay" */ = {
			isa = XCConfigurationList;
			buildConfigurations = (
				1174BE2E1A6F5262009D7DBA /* Debug */,
				1174BE2F1A6F5262009D7DBA /* Release */,
			);
			defaultConfigurationIsVisible = 0;
			defaultConfigurationName = Release;
		};
		1174BE301A6F5262009D7DBA /* Build configuration list for PBXNativeTarget "PassDay" */ = {
			isa = XCConfigurationList;
			buildConfigurations = (
				1174BE311A6F5262009D7DBA /* Debug */,
				1174BE321A6F5262009D7DBA /* Release */,
			);
			defaultConfigurationIsVisible = 0;
			defaultConfigurationName = Release;
		};
		1174BE331A6F5262009D7DBA /* Build configuration list for PBXNativeTarget "PassDayTests" */ = {
			isa = XCConfigurationList;
			buildConfigurations = (
				1174BE341A6F5262009D7DBA /* Debug */,
				1174BE351A6F5262009D7DBA /* Release */,
			);
			defaultConfigurationIsVisible = 0;
			defaultConfigurationName = Release;
		};
/* End XCConfigurationList section */
	};
	rootObject = 1174BE051A6F5261009D7DBA /* Project object */;
}
